{
  "originHash" : "7e4fc6a27d6c84de24cee27bf3e0cbe051a450da2aaee1069c5d4c29f1a6ce37",
  "pins" : [
    {
      "identity" : "asyncimagecache",
      "kind" : "remoteSourceControl",
      "location" : "https://github.com/abra-code/AsyncImageCache",
      "state" : {
        "revision" : "cb3655e4ef60c7b24a74a95a789d9b79c37e600c",
        "version" : "0.1.0"
      }
    },
    {
      "identity" : "diffview",
      "kind" : "remoteSourceControl",
      "location" : "https://github.com/abra-code/DiffView",
      "state" : {
        "revision" : "8a7a956dd95e83437f656c514b67faec80558111",
        "version" : "0.1.0"
      }
    },
    {
      "identity" : "richtext",
      "kind" : "remoteSourceControl",
      "location" : "https://github.com/abra-code/RichText",
      "state" : {
        "revision" : "29b5008857aaf7a77e6120fd399d501ff290bbec",
        "version" : "0.2.3"
      }
    }
  ],
  "version" : 3
}
